
Microsoft Visual Studio Solution File, Format Version 12.00
# Visual Studio Version 17
VisualStudioVersion = 17.2.32630.192
MinimumVisualStudioVersion = 10.0.40219.1
Project("{888888A0-9F3D-457C-B088-3A5042F75D52}") = "WordleGame", "WordleGame\WordleGame.pyproj", "{2EF1B926-B5C1-456F-B3A1-701A2B74520A}"
EndProject
Global
	GlobalSection(SolutionConfigurationPlatforms) = preSolution
		Debug|Any CPU = Debug|Any CPU
		Release|Any CPU = Release|Any CPU
	EndGlobalSection
	GlobalSection(ProjectConfigurationPlatforms) = postSolution
		{2EF1B926-B5C1-456F-B3A1-701A2B74520A}.Debug|Any CPU.ActiveCfg = Release|Any CPU
		{2EF1B926-B5C1-456F-B3A1-701A2B74520A}.Release|Any CPU.ActiveCfg = Release|Any CPU
	EndGlobalSection
	GlobalSection(SolutionProperties) = preSolution
		HideSolutionNode = FALSE
	EndGlobalSection
	GlobalSection(ExtensibilityGlobals) = postSolution
		SolutionGuid = {BDDDDF03-6165-4BDF-AAB0-1AE4EAADD295}
	EndGlobalSection
EndGlobal
